{
    "_readme": [
        "This file locks the dependencies of your project to a known state",
        "Read more about it at https://getcomposer.org/doc/01-basic-usage.md#installing-dependencies",
        "This file is @generated automatically"
    ],
    "content-hash": "4e129591c8bdc20489d3003b080a45c7",
    "packages": [
        {
            "name": "psr/container",
            "version": "2.0.2",
            "source": {
                "type": "git",
                "url": "https://github.com/php-fig/container.git",
                "reference": "c71ecc56dfe541dbd90c5360474fbc405f8d5963"
            },
            "dist": {
                "type": "zip",
                "url": "https://api.github.com/repos/php-fig/container/zipball/c71ecc56dfe541dbd90c5360474fbc405f8d5963",
                "reference": "c71ecc56dfe541dbd90c5360474fbc405f8d5963",
                "shasum": ""
            },
            "require": {
                "php": ">=7.4.0"
            },
            "type": "library",
            "extra": {
                "branch-alias": {
                    "dev-master": "2.0.x-dev"
                }
            },
            "autoload": {
                "psr-4": {
                    "Psr\\Container\\": "src/"
                }
            },
            "notification-url": "https://packagist.org/downloads/",
            "license": [
                "MIT"
            ],
            "authors": [
                {
                    "name": "PHP-FIG",
                    "homepage": "https://www.php-fig.org/"
                }
            ],
            "description": "Common Container Interface (PHP FIG PSR-11)",
            "homepage": "https://github.com/php-fig/container",
            "keywords": [
                "PSR-11",
                "container",
                "container-interface",
                "container-interop",
                "psr"
            ],
            "support": {
                "issues": "https://github.com/php-fig/container/issues",
                "source": "https://github.com/php-fig/container/tree/2.0.2"
            },
            "time": "2021-11-05T16:47:00+00:00"
        },
        {
            "name": "psr/event-dispatcher",
            "version": "1.0.0",
            "source": {
                "type": "git",
                "url": "https://github.com/php-fig/event-dispatcher.git",
                "reference": "dbefd12671e8a14ec7f180cab83036ed26714bb0"
            },
            "dist": {
                "type": "zip",
                "url": "https://api.github.com/repos/php-fig/event-dispatcher/zipball/dbefd12671e8a14ec7f180cab83036ed26714bb0",
                "reference": "dbefd12671e8a14ec7f180cab83036ed26714bb0",
                "shasum": ""
            },
            "require": {
                "php": ">=7.2.0"
            },
            "type": "library",
            "extra": {
                "branch-alias": {
                    "dev-master": "1.0.x-dev"
                }
            },
            "autoload": {
                "psr-4": {
                    "Psr\\EventDispatcher\\": "src/"
                }
            },
            "notification-url": "https://packagist.org/downloads/",
            "license": [
                "MIT"
            ],
            "authors": [
                {
                    "name": "PHP-FIG",
                    "homepage": "http://www.php-fig.org/"
                }
            ],
            "description": "Standard interfaces for event handling.",
            "keywords": [
                "events",
                "psr",
                "psr-14"
            ],
            "support": {
                "issues": "https://github.com/php-fig/event-dispatcher/issues",
                "source": "https://github.com/php-fig/event-dispatcher/tree/1.0.0"
            },
            "time": "2019-01-08T18:20:26+00:00"
        },
        {
            "name": "psr/log",
            "version": "1.1.4",
            "source": {
                "type": "git",
                "url": "https://github.com/php-fig/log.git",
                "reference": "d49695b909c3b7628b6289db5479a1c204601f11"
            },
            "dist": {
                "type": "zip",
                "url": "https://api.github.com/repos/php-fig/log/zipball/d49695b909c3b7628b6289db5479a1c204601f11",
                "reference": "d49695b909c3b7628b6289db5479a1c204601f11",
                "shasum": ""
            },
            "require": {
                "php": ">=5.3.0"
            },
            "type": "library",
            "extra": {
                "branch-alias": {
                    "dev-master": "1.1.x-dev"
                }
            },
            "autoload": {
                "psr-4": {
                    "Psr\\Log\\": "Psr/Log/"
                }
            },
            "notification-url": "https://packagist.org/downloads/",
            "license": [
                "MIT"
            ],
            "authors": [
                {
                    "name": "PHP-FIG",
                    "homepage": "https://www.php-fig.org/"
                }
            ],
            "description": "Common interface for logging libraries",
            "homepage": "https://github.com/php-fig/log",
            "keywords": [
                "log",
                "psr",
                "psr-3"
            ],
            "support": {
                "source": "https://github.com/php-fig/log/tree/1.1.4"
            },
            "time": "2021-05-03T11:20:27+00:00"
        },
        {
            "name": "rrmode/platform-base",
            "version": "dev-master",
            "dist": {
                "type": "path",
                "url": "Base",
                "reference": "338a5623d07e47f374c3974822916320e3976917"
            },
            "require": {
                "php": ">=8.1",
                "psr/container": "^1.0|^2.0",
                "psr/event-dispatcher": "^1.0",
                "psr/log": "^1.0|^2.0|^3.0"
            },
            "type": "library",
            "autoload": {
                "psr-4": {
                    "Rrmode\\Platform\\": "src/"
                }
            },
            "license": [
                "MIT"
            ],
            "authors": [
                {
                    "name": "rrmode",
                    "email": "retretx@gmail.com"
                }
            ],
            "transport-options": {
                "relative": true
            }
        },
        {
            "name": "rrmode/platform-bootstrap",
            "version": "dev-master",
            "dist": {
                "type": "path",
                "url": "Bootstrap",
                "reference": "d32fcd62ce03b8885b36c6f15efaba9b7156e8f9"
            },
            "require": {
                "php": ">=8.1",
                "psr/container": "^1.0.0|^2.0.0"
            },
            "require-dev": {
                "illuminate/container": "^8.80",
                "league/container": "^4.2"
            },
            "type": "library",
            "autoload": {
                "psr-4": {
                    "Rrmode\\Platform\\Bootstrap\\": "src/"
                },
                "files": [
                    "src/bootstrap.php"
                ]
            },
            "license": [
                "MIT"
            ],
            "authors": [
                {
                    "name": "rrmode",
                    "email": "retretx@gmail.com"
                }
            ],
            "description": "Platform bootstrap help",
            "transport-options": {
                "relative": true
            }
        }
    ],
    "packages-dev": [
        {
            "name": "league/container",
            "version": "4.2.0",
            "source": {
                "type": "git",
                "url": "https://github.com/thephpleague/container.git",
                "reference": "375d13cb828649599ef5d48a339c4af7a26cd0ab"
            },
            "dist": {
                "type": "zip",
                "url": "https://api.github.com/repos/thephpleague/container/zipball/375d13cb828649599ef5d48a339c4af7a26cd0ab",
                "reference": "375d13cb828649599ef5d48a339c4af7a26cd0ab",
                "shasum": ""
            },
            "require": {
                "php": "^7.2 || ^8.0",
                "psr/container": "^1.1 || ^2.0"
            },
            "provide": {
                "psr/container-implementation": "^1.0"
            },
            "replace": {
                "orno/di": "~2.0"
            },
            "require-dev": {
                "nette/php-generator": "^3.4",
                "nikic/php-parser": "^4.10",
                "phpstan/phpstan": "^0.12.47",
                "phpunit/phpunit": "^8.5.17",
                "roave/security-advisories": "dev-latest",
                "scrutinizer/ocular": "^1.8",
                "squizlabs/php_codesniffer": "^3.6"
            },
            "type": "library",
            "extra": {
                "branch-alias": {
                    "dev-master": "4.x-dev",
                    "dev-4.x": "4.x-dev",
                    "dev-3.x": "3.x-dev",
                    "dev-2.x": "2.x-dev",
                    "dev-1.x": "1.x-dev"
                }
            },
            "autoload": {
                "psr-4": {
                    "League\\Container\\": "src"
                }
            },
            "notification-url": "https://packagist.org/downloads/",
            "license": [
                "MIT"
            ],
            "authors": [
                {
                    "name": "Phil Bennett",
                    "email": "mail@philbennett.co.uk",
                    "role": "Developer"
                }
            ],
            "description": "A fast and intuitive dependency injection container.",
            "homepage": "https://github.com/thephpleague/container",
            "keywords": [
                "container",
                "dependency",
                "di",
                "injection",
                "league",
                "provider",
                "service"
            ],
            "support": {
                "issues": "https://github.com/thephpleague/container/issues",
                "source": "https://github.com/thephpleague/container/tree/4.2.0"
            },
            "funding": [
                {
                    "url": "https://github.com/philipobenito",
                    "type": "github"
                }
            ],
            "time": "2021-11-16T10:29:06+00:00"
        },
        {
            "name": "league/event",
            "version": "3.0.0",
            "source": {
                "type": "git",
                "url": "https://github.com/thephpleague/event.git",
                "reference": "6d6d88d3c398f4e32995fccd4ec50a5bdaef131b"
            },
            "dist": {
                "type": "zip",
                "url": "https://api.github.com/repos/thephpleague/event/zipball/6d6d88d3c398f4e32995fccd4ec50a5bdaef131b",
                "reference": "6d6d88d3c398f4e32995fccd4ec50a5bdaef131b",
                "shasum": ""
            },
            "require": {
                "php": ">=7.2.0",
                "psr/event-dispatcher": "^1.0"
            },
            "provide": {
                "psr/event-dispatcher-implementation": "1.0"
            },
            "require-dev": {
                "friendsofphp/php-cs-fixer": "^2.16",
                "phpstan/phpstan": "^0.12.45",
                "phpunit/phpunit": "^8.5"
            },
            "type": "library",
            "extra": {
                "branch-alias": {
                    "dev-master": "3.0-dev"
                }
            },
            "autoload": {
                "psr-4": {
                    "League\\Event\\": "src/"
                }
            },
            "notification-url": "https://packagist.org/downloads/",
            "license": [
                "MIT"
            ],
            "authors": [
                {
                    "name": "Frank de Jonge",
                    "email": "info@frenky.net"
                }
            ],
            "description": "Event package",
            "keywords": [
                "emitter",
                "event",
                "listener"
            ],
            "support": {
                "issues": "https://github.com/thephpleague/event/issues",
                "source": "https://github.com/thephpleague/event/tree/3.0.0"
            },
            "time": "2020-09-29T17:42:28+00:00"
        },
        {
            "name": "markrogoyski/simplelog-php",
            "version": "v0.4.0",
            "source": {
                "type": "git",
                "url": "https://github.com/markrogoyski/simplelog-php.git",
                "reference": "2cc0a02729cca0385769982c53432b88bb4bcda7"
            },
            "dist": {
                "type": "zip",
                "url": "https://api.github.com/repos/markrogoyski/simplelog-php/zipball/2cc0a02729cca0385769982c53432b88bb4bcda7",
                "reference": "2cc0a02729cca0385769982c53432b88bb4bcda7",
                "shasum": ""
            },
            "require": {
                "ext-json": "*",
                "php": ">=7.0.0",
                "psr/log": "1.1.*"
            },
            "require-dev": {
                "php-coveralls/php-coveralls": "^2.0",
                "phploc/phploc": "*",
                "phpmd/phpmd": "^2.6",
                "phpstan/phpstan": "*",
                "phpunit/phpunit": "6.*",
                "squizlabs/php_codesniffer": "3.*"
            },
            "type": "library",
            "autoload": {
                "psr-4": {
                    "SimpleLog\\": "src/"
                }
            },
            "notification-url": "https://packagist.org/downloads/",
            "license": [
                "MIT"
            ],
            "authors": [
                {
                    "name": "Mark Rogoyski",
                    "email": "mark@rogoyski.com",
                    "homepage": "https://github.com/markrogoyski",
                    "role": "Lead Developer"
                }
            ],
            "description": "Powerful PSR-3 logging. So easy, it's simple.",
            "homepage": "https://github.com/markrogoyski/simplelog-php/",
            "keywords": [
                "log",
                "logger",
                "logging",
                "psr-3"
            ],
            "support": {
                "issues": "https://github.com/markrogoyski/simplelog-php/issues",
                "source": "https://github.com/markrogoyski/simplelog-php/tree/develop"
            },
            "time": "2019-08-11T03:25:31+00:00"
        }
    ],
    "aliases": [],
    "minimum-stability": "dev",
    "stability-flags": [],
    "prefer-stable": true,
    "prefer-lowest": false,
    "platform": {
        "php": ">=8.1"
    },
    "platform-dev": [],
    "plugin-api-version": "2.2.0"
}
